// !$*UTF8*$!
{
	archiveVersion = 1;
	classes = {
	};
	objectVersion = 77;
	objects = {

/* Begin PBXBuildFile section */
		151539C22D89CF3900D33839 /* GFItemInfoView.swift in Sources */ = {isa = PBXBuildFile; fileRef = 151539C12D89CF3900D33839 /* GFItemInfoView.swift */; };
		151539C42D89D3CC00D33839 /* GFItemInfoVC.swift in Sources */ = {isa = PBXBuildFile; fileRef = 151539C32D89D3CC00D33839 /* GFItemInfoVC.swift */; };
		151539C62D89DC5600D33839 /* GFRepoItemVC.swift in Sources */ = {isa = PBXBuildFile; fileRef = 151539C52D89DC5600D33839 /* GFRepoItemVC.swift */; };
		151539C82D89DE4D00D33839 /* GFFollowerItemVC.swift in Sources */ = {isa = PBXBuildFile; fileRef = 151539C72D89DE4D00D33839 /* GFFollowerItemVC.swift */; };
		1519AE1F2D84911B00DECF31 /* GFEmptyStateView.swift in Sources */ = {isa = PBXBuildFile; fileRef = 1519AE1E2D84911B00DECF31 /* GFEmptyStateView.swift */; };
		151EB27E2D887164006D75E6 /* UserInfoVC.swift in Sources */ = {isa = PBXBuildFile; fileRef = 151EB27D2D887163006D75E6 /* UserInfoVC.swift */; };
		151EB2802D8881A1006D75E6 /* GFError.swift in Sources */ = {isa = PBXBuildFile; fileRef = 151EB27F2D8881A1006D75E6 /* GFError.swift */; };
		151EB2822D8883EF006D75E6 /* GFUserInfoHeaderVC.swift in Sources */ = {isa = PBXBuildFile; fileRef = 151EB2812D8883EF006D75E6 /* GFUserInfoHeaderVC.swift */; };
		151EB2842D88846E006D75E6 /* GFSecondaryTitleLabel.swift in Sources */ = {isa = PBXBuildFile; fileRef = 151EB2832D88846E006D75E6 /* GFSecondaryTitleLabel.swift */; };
		151EB2862D88912B006D75E6 /* Constants.swift in Sources */ = {isa = PBXBuildFile; fileRef = 151EB2852D88912B006D75E6 /* Constants.swift */; };
		159F8B0A2D832F760048AF79 /* FollowerCell.swift in Sources */ = {isa = PBXBuildFile; fileRef = 159F8B092D832F760048AF79 /* FollowerCell.swift */; };
		159F8B0C2D8330080048AF79 /* GFAvatarImageView.swift in Sources */ = {isa = PBXBuildFile; fileRef = 159F8B0B2D8330080048AF79 /* GFAvatarImageView.swift */; };
		159F8B0E2D83463B0048AF79 /* UIHelper.swift in Sources */ = {isa = PBXBuildFile; fileRef = 159F8B0D2D83463B0048AF79 /* UIHelper.swift */; };
		15B4920A2D8DC872003B953E /* UIView+Ext.swift in Sources */ = {isa = PBXBuildFile; fileRef = 15B492092D8DC872003B953E /* UIView+Ext.swift */; };
		15B76B232D8B185F00C0DBE0 /* Date+Ext.swift in Sources */ = {isa = PBXBuildFile; fileRef = 15B76B222D8B185F00C0DBE0 /* Date+Ext.swift */; };
		15B76B252D8B188E00C0DBE0 /* String+Ext.swift in Sources */ = {isa = PBXBuildFile; fileRef = 15B76B242D8B188E00C0DBE0 /* String+Ext.swift */; };
		15B76B272D8B363000C0DBE0 /* PersistanceManager.swift in Sources */ = {isa = PBXBuildFile; fileRef = 15B76B262D8B363000C0DBE0 /* PersistanceManager.swift */; };
		15C537082D8C673A00B53F94 /* FavoriteCell.swift in Sources */ = {isa = PBXBuildFile; fileRef = 15C537072D8C673A00B53F94 /* FavoriteCell.swift */; };
		15C5370B2D8C75A000B53F94 /* GFTabBarController.swift in Sources */ = {isa = PBXBuildFile; fileRef = 15C5370A2D8C75A000B53F94 /* GFTabBarController.swift */; };
		15C5370D2D8C8D3200B53F94 /* GFAlertContainerView.swift in Sources */ = {isa = PBXBuildFile; fileRef = 15C5370C2D8C8D3200B53F94 /* GFAlertContainerView.swift */; };
		15C5370F2D8C999300B53F94 /* GFDataLoadingVC.swift in Sources */ = {isa = PBXBuildFile; fileRef = 15C5370E2D8C999300B53F94 /* GFDataLoadingVC.swift */; };
		15C838BD2D81DB4F00530289 /* AppDelegate.swift in Sources */ = {isa = PBXBuildFile; fileRef = 15C838AD2D81DB4F00530289 /* AppDelegate.swift */; };
		15C838BE2D81DB4F00530289 /* FavoritesListVC.swift in Sources */ = {isa = PBXBuildFile; fileRef = 15C838AF2D81DB4F00530289 /* FavoritesListVC.swift */; };
		15C838BF2D81DB4F00530289 /* FollowerListVC.swift in Sources */ = {isa = PBXBuildFile; fileRef = 15C838B02D81DB4F00530289 /* FollowerListVC.swift */; };
		15C838C02D81DB4F00530289 /* GFAlertVC.swift in Sources */ = {isa = PBXBuildFile; fileRef = 15C838B12D81DB4F00530289 /* GFAlertVC.swift */; };
		15C838C12D81DB4F00530289 /* GFBodyLabel.swift in Sources */ = {isa = PBXBuildFile; fileRef = 15C838B22D81DB4F00530289 /* GFBodyLabel.swift */; };
		15C838C22D81DB4F00530289 /* GFButton.swift in Sources */ = {isa = PBXBuildFile; fileRef = 15C838B32D81DB4F00530289 /* GFButton.swift */; };
		15C838C32D81DB4F00530289 /* GFTextField.swift in Sources */ = {isa = PBXBuildFile; fileRef = 15C838B42D81DB4F00530289 /* GFTextField.swift */; };
		15C838C42D81DB4F00530289 /* GFTitleLabel.swift in Sources */ = {isa = PBXBuildFile; fileRef = 15C838B52D81DB4F00530289 /* GFTitleLabel.swift */; };
		15C838C52D81DB4F00530289 /* SceneDelegate.swift in Sources */ = {isa = PBXBuildFile; fileRef = 15C838B92D81DB4F00530289 /* SceneDelegate.swift */; };
		15C838C62D81DB4F00530289 /* SearchVC.swift in Sources */ = {isa = PBXBuildFile; fileRef = 15C838BA2D81DB4F00530289 /* SearchVC.swift */; };
		15C838C72D81DB4F00530289 /* UIViewController+Ext.swift in Sources */ = {isa = PBXBuildFile; fileRef = 15C838BB2D81DB4F00530289 /* UIViewController+Ext.swift */; };
		15C838C82D81DB4F00530289 /* Assets.xcassets in Resources */ = {isa = PBXBuildFile; fileRef = 15C838AE2D81DB4F00530289 /* Assets.xcassets */; };
		15C838CA2D81DB4F00530289 /* LaunchScreen.storyboard in Resources */ = {isa = PBXBuildFile; fileRef = 15C838B82D81DB4F00530289 /* LaunchScreen.storyboard */; };
		15C838D12D81E02700530289 /* Follower.swift in Sources */ = {isa = PBXBuildFile; fileRef = 15C838D02D81E02700530289 /* Follower.swift */; };
		15C838D32D81E0F900530289 /* User.swift in Sources */ = {isa = PBXBuildFile; fileRef = 15C838D22D81E0F900530289 /* User.swift */; };
		15C838D62D81ECC800530289 /* NetworkManager.swift in Sources */ = {isa = PBXBuildFile; fileRef = 15C838D52D81ECC800530289 /* NetworkManager.swift */; };
/* End PBXBuildFile section */

/* Begin PBXFileReference section */
		151539C12D89CF3900D33839 /* GFItemInfoView.swift */ = {isa = PBXFileReference; lastKnownFileType = sourcecode.swift; path = GFItemInfoView.swift; sourceTree = "<group>"; };
		151539C32D89D3CC00D33839 /* GFItemInfoVC.swift */ = {isa = PBXFileReference; lastKnownFileType = sourcecode.swift; path = GFItemInfoVC.swift; sourceTree = "<group>"; };
		151539C52D89DC5600D33839 /* GFRepoItemVC.swift */ = {isa = PBXFileReference; lastKnownFileType = sourcecode.swift; path = GFRepoItemVC.swift; sourceTree = "<group>"; };
		151539C72D89DE4D00D33839 /* GFFollowerItemVC.swift */ = {isa = PBXFileReference; lastKnownFileType = sourcecode.swift; path = GFFollowerItemVC.swift; sourceTree = "<group>"; };
		1519AE1E2D84911B00DECF31 /* GFEmptyStateView.swift */ = {isa = PBXFileReference; lastKnownFileType = sourcecode.swift; path = GFEmptyStateView.swift; sourceTree = "<group>"; };
		151EB27D2D887163006D75E6 /* UserInfoVC.swift */ = {isa = PBXFileReference; lastKnownFileType = sourcecode.swift; path = UserInfoVC.swift; sourceTree = "<group>"; };
		151EB27F2D8881A1006D75E6 /* GFError.swift */ = {isa = PBXFileReference; lastKnownFileType = sourcecode.swift; path = GFError.swift; sourceTree = "<group>"; };
		151EB2812D8883EF006D75E6 /* GFUserInfoHeaderVC.swift */ = {isa = PBXFileReference; lastKnownFileType = sourcecode.swift; path = GFUserInfoHeaderVC.swift; sourceTree = "<group>"; };
		151EB2832D88846E006D75E6 /* GFSecondaryTitleLabel.swift */ = {isa = PBXFileReference; lastKnownFileType = sourcecode.swift; path = GFSecondaryTitleLabel.swift; sourceTree = "<group>"; };
		151EB2852D88912B006D75E6 /* Constants.swift */ = {isa = PBXFileReference; lastKnownFileType = sourcecode.swift; path = Constants.swift; sourceTree = "<group>"; };
		155E64CD2D7F423E00AFBEC2 /* GHFollowers.app */ = {isa = PBXFileReference; explicitFileType = wrapper.application; includeInIndex = 0; path = GHFollowers.app; sourceTree = BUILT_PRODUCTS_DIR; };
		159F8B092D832F760048AF79 /* FollowerCell.swift */ = {isa = PBXFileReference; lastKnownFileType = sourcecode.swift; path = FollowerCell.swift; sourceTree = "<group>"; };
		159F8B0B2D8330080048AF79 /* GFAvatarImageView.swift */ = {isa = PBXFileReference; lastKnownFileType = sourcecode.swift; path = GFAvatarImageView.swift; sourceTree = "<group>"; };
		159F8B0D2D83463B0048AF79 /* UIHelper.swift */ = {isa = PBXFileReference; lastKnownFileType = sourcecode.swift; path = UIHelper.swift; sourceTree = "<group>"; };
		15B492092D8DC872003B953E /* UIView+Ext.swift */ = {isa = PBXFileReference; lastKnownFileType = sourcecode.swift; path = "UIView+Ext.swift"; sourceTree = "<group>"; };
		15B76B222D8B185F00C0DBE0 /* Date+Ext.swift */ = {isa = PBXFileReference; lastKnownFileType = sourcecode.swift; path = "Date+Ext.swift"; sourceTree = "<group>"; };
		15B76B242D8B188E00C0DBE0 /* String+Ext.swift */ = {isa = PBXFileReference; lastKnownFileType = sourcecode.swift; path = "String+Ext.swift"; sourceTree = "<group>"; };
		15B76B262D8B363000C0DBE0 /* PersistanceManager.swift */ = {isa = PBXFileReference; lastKnownFileType = sourcecode.swift; path = PersistanceManager.swift; sourceTree = "<group>"; };
		15C537072D8C673A00B53F94 /* FavoriteCell.swift */ = {isa = PBXFileReference; lastKnownFileType = sourcecode.swift; path = FavoriteCell.swift; sourceTree = "<group>"; };
		15C5370A2D8C75A000B53F94 /* GFTabBarController.swift */ = {isa = PBXFileReference; lastKnownFileType = sourcecode.swift; path = GFTabBarController.swift; sourceTree = "<group>"; };
		15C5370C2D8C8D3200B53F94 /* GFAlertContainerView.swift */ = {isa = PBXFileReference; lastKnownFileType = sourcecode.swift; path = GFAlertContainerView.swift; sourceTree = "<group>"; };
		15C5370E2D8C999300B53F94 /* GFDataLoadingVC.swift */ = {isa = PBXFileReference; lastKnownFileType = sourcecode.swift; path = GFDataLoadingVC.swift; sourceTree = "<group>"; };
		15C838AD2D81DB4F00530289 /* AppDelegate.swift */ = {isa = PBXFileReference; lastKnownFileType = sourcecode.swift; path = AppDelegate.swift; sourceTree = "<group>"; };
		15C838AE2D81DB4F00530289 /* Assets.xcassets */ = {isa = PBXFileReference; lastKnownFileType = folder.assetcatalog; path = Assets.xcassets; sourceTree = "<group>"; };
		15C838AF2D81DB4F00530289 /* FavoritesListVC.swift */ = {isa = PBXFileReference; lastKnownFileType = sourcecode.swift; path = FavoritesListVC.swift; sourceTree = "<group>"; };
		15C838B02D81DB4F00530289 /* FollowerListVC.swift */ = {isa = PBXFileReference; lastKnownFileType = sourcecode.swift; path = FollowerListVC.swift; sourceTree = "<group>"; };
		15C838B12D81DB4F00530289 /* GFAlertVC.swift */ = {isa = PBXFileReference; lastKnownFileType = sourcecode.swift; path = GFAlertVC.swift; sourceTree = "<group>"; };
		15C838B22D81DB4F00530289 /* GFBodyLabel.swift */ = {isa = PBXFileReference; lastKnownFileType = sourcecode.swift; path = GFBodyLabel.swift; sourceTree = "<group>"; };
		15C838B32D81DB4F00530289 /* GFButton.swift */ = {isa = PBXFileReference; lastKnownFileType = sourcecode.swift; path = GFButton.swift; sourceTree = "<group>"; };
		15C838B42D81DB4F00530289 /* GFTextField.swift */ = {isa = PBXFileReference; lastKnownFileType = sourcecode.swift; path = GFTextField.swift; sourceTree = "<group>"; };
		15C838B52D81DB4F00530289 /* GFTitleLabel.swift */ = {isa = PBXFileReference; lastKnownFileType = sourcecode.swift; path = GFTitleLabel.swift; sourceTree = "<group>"; };
		15C838B62D81DB4F00530289 /* Info.plist */ = {isa = PBXFileReference; lastKnownFileType = text.plist.xml; path = Info.plist; sourceTree = "<group>"; };
		15C838B72D81DB4F00530289 /* Base */ = {isa = PBXFileReference; lastKnownFileType = file.storyboard; name = Base; path = Base.lproj/LaunchScreen.storyboard; sourceTree = "<group>"; };
		15C838B92D81DB4F00530289 /* SceneDelegate.swift */ = {isa = PBXFileReference; lastKnownFileType = sourcecode.swift; path = SceneDelegate.swift; sourceTree = "<group>"; };
		15C838BA2D81DB4F00530289 /* SearchVC.swift */ = {isa = PBXFileReference; lastKnownFileType = sourcecode.swift; path = SearchVC.swift; sourceTree = "<group>"; };
		15C838BB2D81DB4F00530289 /* UIViewController+Ext.swift */ = {isa = PBXFileReference; lastKnownFileType = sourcecode.swift; path = "UIViewController+Ext.swift"; sourceTree = "<group>"; };
		15C838D02D81E02700530289 /* Follower.swift */ = {isa = PBXFileReference; lastKnownFileType = sourcecode.swift; path = Follower.swift; sourceTree = "<group>"; };
		15C838D22D81E0F900530289 /* User.swift */ = {isa = PBXFileReference; lastKnownFileType = sourcecode.swift; path = User.swift; sourceTree = "<group>"; };
		15C838D52D81ECC800530289 /* NetworkManager.swift */ = {isa = PBXFileReference; lastKnownFileType = sourcecode.swift; path = NetworkManager.swift; sourceTree = "<group>"; };
/* End PBXFileReference section */

/* Begin PBXFrameworksBuildPhase section */
		155E64CA2D7F423E00AFBEC2 /* Frameworks */ = {
			isa = PBXFrameworksBuildPhase;
			buildActionMask = 2147483647;
			files = (
			);
			runOnlyForDeploymentPostprocessing = 0;
		};
/* End PBXFrameworksBuildPhase section */

/* Begin PBXGroup section */
		151539C92D89DEA200D33839 /* ItemInfoVCs */ = {
			isa = PBXGroup;
			children = (
				151539C32D89D3CC00D33839 /* GFItemInfoVC.swift */,
				151539C52D89DC5600D33839 /* GFRepoItemVC.swift */,
				151539C72D89DE4D00D33839 /* GFFollowerItemVC.swift */,
			);
			path = ItemInfoVCs;
			sourceTree = "<group>";
		};
		1519AE182D84907E00DECF31 /* View */ = {
			isa = PBXGroup;
			children = (
				1519AE1E2D84911B00DECF31 /* GFEmptyStateView.swift */,
				151539C12D89CF3900D33839 /* GFItemInfoView.swift */,
				15C5370C2D8C8D3200B53F94 /* GFAlertContainerView.swift */,
			);
			path = View;
			sourceTree = "<group>";
		};
		1519AE192D84908800DECF31 /* Buttons */ = {
			isa = PBXGroup;
			children = (
				15C838B32D81DB4F00530289 /* GFButton.swift */,
			);
			path = Buttons;
			sourceTree = "<group>";
		};
		1519AE1A2D84909000DECF31 /* TextFields */ = {
			isa = PBXGroup;
			children = (
				15C838B42D81DB4F00530289 /* GFTextField.swift */,
			);
			path = TextFields;
			sourceTree = "<group>";
		};
		1519AE1B2D8490A000DECF31 /* ImageViews */ = {
			isa = PBXGroup;
			children = (
				159F8B0B2D8330080048AF79 /* GFAvatarImageView.swift */,
			);
			path = ImageViews;
			sourceTree = "<group>";
		};
		1519AE1C2D8490A800DECF31 /* ViewControllers */ = {
			isa = PBXGroup;
			children = (
				151539C92D89DEA200D33839 /* ItemInfoVCs */,
				15C838B12D81DB4F00530289 /* GFAlertVC.swift */,
				151EB2812D8883EF006D75E6 /* GFUserInfoHeaderVC.swift */,
				15C5370E2D8C999300B53F94 /* GFDataLoadingVC.swift */,
			);
			path = ViewControllers;
			sourceTree = "<group>";
		};
		1519AE1D2D8490D200DECF31 /* Labels */ = {
			isa = PBXGroup;
			children = (
				15C838B22D81DB4F00530289 /* GFBodyLabel.swift */,
				15C838B52D81DB4F00530289 /* GFTitleLabel.swift */,
				151EB2832D88846E006D75E6 /* GFSecondaryTitleLabel.swift */,
			);
			path = Labels;
			sourceTree = "<group>";
		};
		155E64C42D7F423E00AFBEC2 = {
			isa = PBXGroup;
			children = (
				15C838BC2D81DB4F00530289 /* GHFollowers */,
				155E64CE2D7F423E00AFBEC2 /* Products */,
			);
			sourceTree = "<group>";
		};
		155E64CE2D7F423E00AFBEC2 /* Products */ = {
			isa = PBXGroup;
			children = (
				155E64CD2D7F423E00AFBEC2 /* GHFollowers.app */,
			);
			name = Products;
			sourceTree = "<group>";
		};
		159F8B082D832F480048AF79 /* Cells */ = {
			isa = PBXGroup;
			children = (
				159F8B092D832F760048AF79 /* FollowerCell.swift */,
				15C537072D8C673A00B53F94 /* FavoriteCell.swift */,
			);
			path = Cells;
			sourceTree = "<group>";
		};
		15C537092D8C757600B53F94 /* TabBarControllers */ = {
			isa = PBXGroup;
			children = (
				15C5370A2D8C75A000B53F94 /* GFTabBarController.swift */,
			);
			path = TabBarControllers;
			sourceTree = "<group>";
		};
		15C838BC2D81DB4F00530289 /* GHFollowers */ = {
			isa = PBXGroup;
			children = (
				15C838D72D81FB6D00530289 /* Utilities */,
				15C838D42D81ECAC00530289 /* Managers */,
				15C838CF2D81E01300530289 /* Model */,
				15C838CD2D81DBEE00530289 /* Extensions */,
				15C838CC2D81DBB700530289 /* Custom Views */,
				15C838CB2D81DB5300530289 /* Screens */,
				15C838CE2D81DC5000530289 /* Support */,
				15C838B62D81DB4F00530289 /* Info.plist */,
			);
			path = GHFollowers;
			sourceTree = "<group>";
		};
		15C838CB2D81DB5300530289 /* Screens */ = {
			isa = PBXGroup;
			children = (
				15C838AF2D81DB4F00530289 /* FavoritesListVC.swift */,
				15C838B02D81DB4F00530289 /* FollowerListVC.swift */,
				151EB27D2D887163006D75E6 /* UserInfoVC.swift */,
				15C838BA2D81DB4F00530289 /* SearchVC.swift */,
			);
			path = Screens;
			sourceTree = "<group>";
		};
		15C838CC2D81DBB700530289 /* Custom Views */ = {
			isa = PBXGroup;
			children = (
				15C537092D8C757600B53F94 /* TabBarControllers */,
				1519AE1D2D8490D200DECF31 /* Labels */,
				1519AE1C2D8490A800DECF31 /* ViewControllers */,
				1519AE1B2D8490A000DECF31 /* ImageViews */,
				1519AE1A2D84909000DECF31 /* TextFields */,
				1519AE192D84908800DECF31 /* Buttons */,
				1519AE182D84907E00DECF31 /* View */,
				159F8B082D832F480048AF79 /* Cells */,
			);
			path = "Custom Views";
			sourceTree = "<group>";
		};
		15C838CD2D81DBEE00530289 /* Extensions */ = {
			isa = PBXGroup;
			children = (
				15C838BB2D81DB4F00530289 /* UIViewController+Ext.swift */,
				15B76B222D8B185F00C0DBE0 /* Date+Ext.swift */,
				15B76B242D8B188E00C0DBE0 /* String+Ext.swift */,
				15B492092D8DC872003B953E /* UIView+Ext.swift */,
			);
			path = Extensions;
			sourceTree = "<group>";
		};
		15C838CE2D81DC5000530289 /* Support */ = {
			isa = PBXGroup;
			children = (
				15C838B92D81DB4F00530289 /* SceneDelegate.swift */,
				15C838AD2D81DB4F00530289 /* AppDelegate.swift */,
				15C838AE2D81DB4F00530289 /* Assets.xcassets */,
				15C838B82D81DB4F00530289 /* LaunchScreen.storyboard */,
			);
			path = Support;
			sourceTree = "<group>";
		};
		15C838CF2D81E01300530289 /* Model */ = {
			isa = PBXGroup;
			children = (
				15C838D02D81E02700530289 /* Follower.swift */,
				15C838D22D81E0F900530289 /* User.swift */,
			);
			path = Model;
			sourceTree = "<group>";
		};
		15C838D42D81ECAC00530289 /* Managers */ = {
			isa = PBXGroup;
			children = (
				15C838D52D81ECC800530289 /* NetworkManager.swift */,
				15B76B262D8B363000C0DBE0 /* PersistanceManager.swift */,
			);
			path = Managers;
			sourceTree = "<group>";
		};
		15C838D72D81FB6D00530289 /* Utilities */ = {
			isa = PBXGroup;
			children = (
				151EB27F2D8881A1006D75E6 /* GFError.swift */,
				159F8B0D2D83463B0048AF79 /* UIHelper.swift */,
				151EB2852D88912B006D75E6 /* Constants.swift */,
			);
			path = Utilities;
			sourceTree = "<group>";
		};
/* End PBXGroup section */

/* Begin PBXNativeTarget section */
		155E64CC2D7F423E00AFBEC2 /* GHFollowers */ = {
			isa = PBXNativeTarget;
			buildConfigurationList = 155E64E02D7F424000AFBEC2 /* Build configuration list for PBXNativeTarget "GHFollowers" */;
			buildPhases = (
				155E64C92D7F423E00AFBEC2 /* Sources */,
				155E64CA2D7F423E00AFBEC2 /* Frameworks */,
				155E64CB2D7F423E00AFBEC2 /* Resources */,
			);
			buildRules = (
			);
			dependencies = (
			);
			name = GHFollowers;
			packageProductDependencies = (
			);
			productName = GHFollowers;
			productReference = 155E64CD2D7F423E00AFBEC2 /* GHFollowers.app */;
			productType = "com.apple.product-type.application";
		};
/* End PBXNativeTarget section */

/* Begin PBXProject section */
		155E64C52D7F423E00AFBEC2 /* Project object */ = {
			isa = PBXProject;
			attributes = {
				BuildIndependentTargetsInParallel = 1;
				LastSwiftUpdateCheck = 1620;
				LastUpgradeCheck = 1620;
				TargetAttributes = {
					155E64CC2D7F423E00AFBEC2 = {
						CreatedOnToolsVersion = 16.2;
					};
				};
			};
			buildConfigurationList = 155E64C82D7F423E00AFBEC2 /* Build configuration list for PBXProject "GHFollowers" */;
			developmentRegion = en;
			hasScannedForEncodings = 0;
			knownRegions = (
				en,
				Base,
			);
			mainGroup = 155E64C42D7F423E00AFBEC2;
			minimizedProjectReferenceProxies = 1;
			preferredProjectObjectVersion = 77;
			productRefGroup = 155E64CE2D7F423E00AFBEC2 /* Products */;
			projectDirPath = "";
			projectRoot = "";
			targets = (
				155E64CC2D7F423E00AFBEC2 /* GHFollowers */,
			);
		};
/* End PBXProject section */

/* Begin PBXResourcesBuildPhase section */
		155E64CB2D7F423E00AFBEC2 /* Resources */ = {
			isa = PBXResourcesBuildPhase;
			buildActionMask = 2147483647;
			files = (
				15C838C82D81DB4F00530289 /* Assets.xcassets in Resources */,
				15C838CA2D81DB4F00530289 /* LaunchScreen.storyboard in Resources */,
			);
			runOnlyForDeploymentPostprocessing = 0;
		};
/* End PBXResourcesBuildPhase section */

/* Begin PBXSourcesBuildPhase section */
		155E64C92D7F423E00AFBEC2 /* Sources */ = {
			isa = PBXSourcesBuildPhase;
			buildActionMask = 2147483647;
			files = (
				15C838D32D81E0F900530289 /* User.swift in Sources */,
				15C838BD2D81DB4F00530289 /* AppDelegate.swift in Sources */,
				15C838BE2D81DB4F00530289 /* FavoritesListVC.swift in Sources */,
				15B76B252D8B188E00C0DBE0 /* String+Ext.swift in Sources */,
				15C838BF2D81DB4F00530289 /* FollowerListVC.swift in Sources */,
				15C838C02D81DB4F00530289 /* GFAlertVC.swift in Sources */,
				15C5370F2D8C999300B53F94 /* GFDataLoadingVC.swift in Sources */,
				159F8B0E2D83463B0048AF79 /* UIHelper.swift in Sources */,
				151539C42D89D3CC00D33839 /* GFItemInfoVC.swift in Sources */,
				151EB2862D88912B006D75E6 /* Constants.swift in Sources */,
				159F8B0C2D8330080048AF79 /* GFAvatarImageView.swift in Sources */,
				15C838C12D81DB4F00530289 /* GFBodyLabel.swift in Sources */,
				15C838C22D81DB4F00530289 /* GFButton.swift in Sources */,
				151539C82D89DE4D00D33839 /* GFFollowerItemVC.swift in Sources */,
				151539C22D89CF3900D33839 /* GFItemInfoView.swift in Sources */,
				15C537082D8C673A00B53F94 /* FavoriteCell.swift in Sources */,
				159F8B0A2D832F760048AF79 /* FollowerCell.swift in Sources */,
				15C5370B2D8C75A000B53F94 /* GFTabBarController.swift in Sources */,
				15B76B272D8B363000C0DBE0 /* PersistanceManager.swift in Sources */,
				15C838C32D81DB4F00530289 /* GFTextField.swift in Sources */,
				151EB2822D8883EF006D75E6 /* GFUserInfoHeaderVC.swift in Sources */,
				151EB2802D8881A1006D75E6 /* GFError.swift in Sources */,
				15C5370D2D8C8D3200B53F94 /* GFAlertContainerView.swift in Sources */,
				15C838D12D81E02700530289 /* Follower.swift in Sources */,
				15C838C42D81DB4F00530289 /* GFTitleLabel.swift in Sources */,
				15B76B232D8B185F00C0DBE0 /* Date+Ext.swift in Sources */,
				151EB2842D88846E006D75E6 /* GFSecondaryTitleLabel.swift in Sources */,
				1519AE1F2D84911B00DECF31 /* GFEmptyStateView.swift in Sources */,
				15C838D62D81ECC800530289 /* NetworkManager.swift in Sources */,
				15C838C52D81DB4F00530289 /* SceneDelegate.swift in Sources */,
				15C838C62D81DB4F00530289 /* SearchVC.swift in Sources */,
				15C838C72D81DB4F00530289 /* UIViewController+Ext.swift in Sources */,
				15B4920A2D8DC872003B953E /* UIView+Ext.swift in Sources */,
				151539C62D89DC5600D33839 /* GFRepoItemVC.swift in Sources */,
				151EB27E2D887164006D75E6 /* UserInfoVC.swift in Sources */,
			);
			runOnlyForDeploymentPostprocessing = 0;
		};
/* End PBXSourcesBuildPhase section */

/* Begin PBXVariantGroup section */
		15C838B82D81DB4F00530289 /* LaunchScreen.storyboard */ = {
			isa = PBXVariantGroup;
			children = (
				15C838B72D81DB4F00530289 /* Base */,
			);
			name = LaunchScreen.storyboard;
			sourceTree = "<group>";
		};
/* End PBXVariantGroup section */

/* Begin XCBuildConfiguration section */
		155E64E12D7F424000AFBEC2 /* Debug */ = {
			isa = XCBuildConfiguration;
			buildSettings = {
				ASSETCATALOG_COMPILER_APPICON_NAME = AppIcon;
				ASSETCATALOG_COMPILER_GLOBAL_ACCENT_COLOR_NAME = AccentColor;
				CODE_SIGN_STYLE = Automatic;
				CURRENT_PROJECT_VERSION = 1;
				GENERATE_INFOPLIST_FILE = YES;
				INFOPLIST_FILE = GHFollowers/Info.plist;
				INFOPLIST_KEY_UIApplicationSupportsIndirectInputEvents = YES;
				INFOPLIST_KEY_UILaunchStoryboardName = LaunchScreen;
				INFOPLIST_KEY_UISupportedInterfaceOrientations = UIInterfaceOrientationPortrait;
				IPHONEOS_DEPLOYMENT_TARGET = 15.6;
				LD_RUNPATH_SEARCH_PATHS = (
					"$(inherited)",
					"@executable_path/Frameworks",
				);
				MARKETING_VERSION = 1.0;
				PRODUCT_BUNDLE_IDENTIFIER = com.sahas.GHFollowers;
				PRODUCT_NAME = "$(TARGET_NAME)";
				SWIFT_EMIT_LOC_STRINGS = YES;
				SWIFT_VERSION = 5.0;
				TARGETED_DEVICE_FAMILY = "1,2";
			};
			name = Debug;
		};
		155E64E22D7F424000AFBEC2 /* Release */ = {
			isa = XCBuildConfiguration;
			buildSettings = {
				ASSETCATALOG_COMPILER_APPICON_NAME = AppIcon;
				ASSETCATALOG_COMPILER_GLOBAL_ACCENT_COLOR_NAME = AccentColor;
				CODE_SIGN_STYLE = Automatic;
				CURRENT_PROJECT_VERSION = 1;
				GENERATE_INFOPLIST_FILE = YES;
				INFOPLIST_FILE = GHFollowers/Info.plist;
				INFOPLIST_KEY_UIApplicationSupportsIndirectInputEvents = YES;
				INFOPLIST_KEY_UILaunchStoryboardName = LaunchScreen;
				INFOPLIST_KEY_UISupportedInterfaceOrientations = UIInterfaceOrientationPortrait;
				IPHONEOS_DEPLOYMENT_TARGET = 15.6;
				LD_RUNPATH_SEARCH_PATHS = (
					"$(inherited)",
					"@executable_path/Frameworks",
				);
				MARKETING_VERSION = 1.0;
				PRODUCT_BUNDLE_IDENTIFIER = com.sahas.GHFollowers;
				PRODUCT_NAME = "$(TARGET_NAME)";
				SWIFT_EMIT_LOC_STRINGS = YES;
				SWIFT_VERSION = 5.0;
				TARGETED_DEVICE_FAMILY = "1,2";
			};
			name = Release;
		};
		155E64E32D7F424000AFBEC2 /* Debug */ = {
			isa = XCBuildConfiguration;
			buildSettings = {
				ALWAYS_SEARCH_USER_PATHS = NO;
				ASSETCATALOG_COMPILER_GENERATE_SWIFT_ASSET_SYMBOL_EXTENSIONS = YES;
				CLANG_ANALYZER_NONNULL = YES;
				CLANG_ANALYZER_NUMBER_OBJECT_CONVERSION = YES_AGGRESSIVE;
				CLANG_CXX_LANGUAGE_STANDARD = "gnu++20";
				CLANG_ENABLE_MODULES = YES;
				CLANG_ENABLE_OBJC_ARC = YES;
				CLANG_ENABLE_OBJC_WEAK = YES;
				CLANG_WARN_BLOCK_CAPTURE_AUTORELEASING = YES;
				CLANG_WARN_BOOL_CONVERSION = YES;
				CLANG_WARN_COMMA = YES;
				CLANG_WARN_CONSTANT_CONVERSION = YES;
				CLANG_WARN_DEPRECATED_OBJC_IMPLEMENTATIONS = YES;
				CLANG_WARN_DIRECT_OBJC_ISA_USAGE = YES_ERROR;
				CLANG_WARN_DOCUMENTATION_COMMENTS = YES;
				CLANG_WARN_EMPTY_BODY = YES;
				CLANG_WARN_ENUM_CONVERSION = YES;
				CLANG_WARN_INFINITE_RECURSION = YES;
				CLANG_WARN_INT_CONVERSION = YES;
				CLANG_WARN_NON_LITERAL_NULL_CONVERSION = YES;
				CLANG_WARN_OBJC_IMPLICIT_RETAIN_SELF = YES;
				CLANG_WARN_OBJC_LITERAL_CONVERSION = YES;
				CLANG_WARN_OBJC_ROOT_CLASS = YES_ERROR;
				CLANG_WARN_QUOTED_INCLUDE_IN_FRAMEWORK_HEADER = YES;
				CLANG_WARN_RANGE_LOOP_ANALYSIS = YES;
				CLANG_WARN_STRICT_PROTOTYPES = YES;
				CLANG_WARN_SUSPICIOUS_MOVE = YES;
				CLANG_WARN_UNGUARDED_AVAILABILITY = YES_AGGRESSIVE;
				CLANG_WARN_UNREACHABLE_CODE = YES;
				CLANG_WARN__DUPLICATE_METHOD_MATCH = YES;
				COPY_PHASE_STRIP = NO;
				DEBUG_INFORMATION_FORMAT = dwarf;
				ENABLE_STRICT_OBJC_MSGSEND = YES;
				ENABLE_TESTABILITY = YES;
				ENABLE_USER_SCRIPT_SANDBOXING = YES;
				GCC_C_LANGUAGE_STANDARD = gnu17;
				GCC_DYNAMIC_NO_PIC = NO;
				GCC_NO_COMMON_BLOCKS = YES;
				GCC_OPTIMIZATION_LEVEL = 0;
				GCC_PREPROCESSOR_DEFINITIONS = (
					"DEBUG=1",
					"$(inherited)",
				);
				GCC_WARN_64_TO_32_BIT_CONVERSION = YES;
				GCC_WARN_ABOUT_RETURN_TYPE = YES_ERROR;
				GCC_WARN_UNDECLARED_SELECTOR = YES;
				GCC_WARN_UNINITIALIZED_AUTOS = YES_AGGRESSIVE;
				GCC_WARN_UNUSED_FUNCTION = YES;
				GCC_WARN_UNUSED_VARIABLE = YES;
				IPHONEOS_DEPLOYMENT_TARGET = 18.2;
				LOCALIZATION_PREFERS_STRING_CATALOGS = YES;
				MTL_ENABLE_DEBUG_INFO = INCLUDE_SOURCE;
				MTL_FAST_MATH = YES;
				ONLY_ACTIVE_ARCH = YES;
				SDKROOT = iphoneos;
				SWIFT_ACTIVE_COMPILATION_CONDITIONS = "DEBUG $(inherited)";
				SWIFT_OPTIMIZATION_LEVEL = "-Onone";
			};
			name = Debug;
		};
		155E64E42D7F424000AFBEC2 /* Release */ = {
			isa = XCBuildConfiguration;
			buildSettings = {
				ALWAYS_SEARCH_USER_PATHS = NO;
				ASSETCATALOG_COMPILER_GENERATE_SWIFT_ASSET_SYMBOL_EXTENSIONS = YES;
				CLANG_ANALYZER_NONNULL = YES;
				CLANG_ANALYZER_NUMBER_OBJECT_CONVERSION = YES_AGGRESSIVE;
				CLANG_CXX_LANGUAGE_STANDARD = "gnu++20";
				CLANG_ENABLE_MODULES = YES;
				CLANG_ENABLE_OBJC_ARC = YES;
				CLANG_ENABLE_OBJC_WEAK = YES;
				CLANG_WARN_BLOCK_CAPTURE_AUTORELEASING = YES;
				CLANG_WARN_BOOL_CONVERSION = YES;
				CLANG_WARN_COMMA = YES;
				CLANG_WARN_CONSTANT_CONVERSION = YES;
				CLANG_WARN_DEPRECATED_OBJC_IMPLEMENTATIONS = YES;
				CLANG_WARN_DIRECT_OBJC_ISA_USAGE = YES_ERROR;
				CLANG_WARN_DOCUMENTATION_COMMENTS = YES;
				CLANG_WARN_EMPTY_BODY = YES;
				CLANG_WARN_ENUM_CONVERSION = YES;
				CLANG_WARN_INFINITE_RECURSION = YES;
				CLANG_WARN_INT_CONVERSION = YES;
				CLANG_WARN_NON_LITERAL_NULL_CONVERSION = YES;
				CLANG_WARN_OBJC_IMPLICIT_RETAIN_SELF = YES;
				CLANG_WARN_OBJC_LITERAL_CONVERSION = YES;
				CLANG_WARN_OBJC_ROOT_CLASS = YES_ERROR;
				CLANG_WARN_QUOTED_INCLUDE_IN_FRAMEWORK_HEADER = YES;
				CLANG_WARN_RANGE_LOOP_ANALYSIS = YES;
				CLANG_WARN_STRICT_PROTOTYPES = YES;
				CLANG_WARN_SUSPICIOUS_MOVE = YES;
				CLANG_WARN_UNGUARDED_AVAILABILITY = YES_AGGRESSIVE;
				CLANG_WARN_UNREACHABLE_CODE = YES;
				CLANG_WARN__DUPLICATE_METHOD_MATCH = YES;
				COPY_PHASE_STRIP = NO;
				DEBUG_INFORMATION_FORMAT = "dwarf-with-dsym";
				ENABLE_NS_ASSERTIONS = NO;
				ENABLE_STRICT_OBJC_MSGSEND = YES;
				ENABLE_USER_SCRIPT_SANDBOXING = YES;
				GCC_C_LANGUAGE_STANDARD = gnu17;
				GCC_NO_COMMON_BLOCKS = YES;
				GCC_WARN_64_TO_32_BIT_CONVERSION = YES;
				GCC_WARN_ABOUT_RETURN_TYPE = YES_ERROR;
				GCC_WARN_UNDECLARED_SELECTOR = YES;
				GCC_WARN_UNINITIALIZED_AUTOS = YES_AGGRESSIVE;
				GCC_WARN_UNUSED_FUNCTION = YES;
				GCC_WARN_UNUSED_VARIABLE = YES;
				IPHONEOS_DEPLOYMENT_TARGET = 18.2;
				LOCALIZATION_PREFERS_STRING_CATALOGS = YES;
				MTL_ENABLE_DEBUG_INFO = NO;
				MTL_FAST_MATH = YES;
				SDKROOT = iphoneos;
				SWIFT_COMPILATION_MODE = wholemodule;
				VALIDATE_PRODUCT = YES;
			};
			name = Release;
		};
/* End XCBuildConfiguration section */

/* Begin XCConfigurationList section */
		155E64C82D7F423E00AFBEC2 /* Build configuration list for PBXProject "GHFollowers" */ = {
			isa = XCConfigurationList;
			buildConfigurations = (
				155E64E32D7F424000AFBEC2 /* Debug */,
				155E64E42D7F424000AFBEC2 /* Release */,
			);
			defaultConfigurationIsVisible = 0;
			defaultConfigurationName = Release;
		};
		155E64E02D7F424000AFBEC2 /* Build configuration list for PBXNativeTarget "GHFollowers" */ = {
			isa = XCConfigurationList;
			buildConfigurations = (
				155E64E12D7F424000AFBEC2 /* Debug */,
				155E64E22D7F424000AFBEC2 /* Release */,
			);
			defaultConfigurationIsVisible = 0;
			defaultConfigurationName = Release;
		};
/* End XCConfigurationList section */
	};
	rootObject = 155E64C52D7F423E00AFBEC2 /* Project object */;
}
